
Microsoft Visual Studio Solution File, Format Version 12.00
# Visual Studio Version 17
VisualStudioVersion = 17.0.31919.166
MinimumVisualStudioVersion = 10.0.40219.1
Project("{8BC9CEB8-8B4A-11D0-8D11-00A0C91BC942}") = "PreconTheManBat", "PreconTheManBat.vcxproj", "{8D398C82-042E-4E88-9F32-425A88E9BF77}"
EndProject
Global
	GlobalSection(SolutionConfigurationPlatforms) = preSolution
		Debug|x64 = Debug|x64
		Debug|x86 = Debug|x86
		Release|x64 = Release|x64
		Release|x86 = Release|x86
	EndGlobalSection
	GlobalSection(ProjectConfigurationPlatforms) = postSolution
		{8D398C82-042E-4E88-9F32-425A88E9BF77}.Debug|x64.ActiveCfg = Debug|x64
		{8D398C82-042E-4E88-9F32-425A88E9BF77}.Debug|x64.Build.0 = Debug|x64
		{8D398C82-042E-4E88-9F32-425A88E9BF77}.Debug|x86.ActiveCfg = Debug|Win32
		{8D398C82-042E-4E88-9F32-425A88E9BF77}.Debug|x86.Build.0 = Debug|Win32
		{8D398C82-042E-4E88-9F32-425A88E9BF77}.Release|x64.ActiveCfg = Release|x64
		{8D398C82-042E-4E88-9F32-425A88E9BF77}.Release|x64.Build.0 = Release|x64
		{8D398C82-042E-4E88-9F32-425A88E9BF77}.Release|x86.ActiveCfg = Release|Win32
		{8D398C82-042E-4E88-9F32-425A88E9BF77}.Release|x86.Build.0 = Release|Win32
	EndGlobalSection
	GlobalSection(SolutionProperties) = preSolution
		HideSolutionNode = FALSE
	EndGlobalSection
	GlobalSection(ExtensibilityGlobals) = postSolution
		SolutionGuid = {81FDC396-AB91-4FC7-81EB-3B8EBADF3E89}
	EndGlobalSection
EndGlobal
